
Microsoft Visual Studio Solution File, Format Version 12.00
# Visual Studio 15
VisualStudioVersion = 15.0.26403.0
MinimumVisualStudioVersion = 10.0.40219.1
Project("{FAE04EC0-301F-11D3-BF4B-00C04F79EFBC}") = "AutoLoginBuilder", "AutoLoginBuilder\AutoLoginBuilder.csproj", "{7009D077-EC1B-4CCC-A999-A1AEC496638E}"
EndProject
Global
	GlobalSection(SolutionConfigurationPlatforms) = preSolution
		Debug|Any CPU = Debug|Any CPU
		Debug|x86 = Debug|x86
		Release|Any CPU = Release|Any CPU
		Release|x86 = Release|x86
	EndGlobalSection
	GlobalSection(ProjectConfigurationPlatforms) = postSolution
		{7009D077-EC1B-4CCC-A999-A1AEC496638E}.Debug|Any CPU.ActiveCfg = Debug|Any CPU
		{7009D077-EC1B-4CCC-A999-A1AEC496638E}.Debug|Any CPU.Build.0 = Debug|Any CPU
		{7009D077-EC1B-4CCC-A999-A1AEC496638E}.Debug|x86.ActiveCfg = Debug|x86
		{7009D077-EC1B-4CCC-A999-A1AEC496638E}.Debug|x86.Build.0 = Debug|x86
		{7009D077-EC1B-4CCC-A999-A1AEC496638E}.Release|Any CPU.ActiveCfg = Release|Any CPU
		{7009D077-EC1B-4CCC-A999-A1AEC496638E}.Release|Any CPU.Build.0 = Release|Any CPU
		{7009D077-EC1B-4CCC-A999-A1AEC496638E}.Release|x86.ActiveCfg = Release|x86
		{7009D077-EC1B-4CCC-A999-A1AEC496638E}.Release|x86.Build.0 = Release|x86
	EndGlobalSection
	GlobalSection(SolutionProperties) = preSolution
		HideSolutionNode = FALSE
	EndGlobalSection
EndGlobal
